
Microsoft Visual Studio Solution File, Format Version 12.00
# Visual Studio Version 17
VisualStudioVersion = 17.6.33829.357
MinimumVisualStudioVersion = 10.0.40219.1
Project("{9A19103F-16F7-4668-BE54-9A1E7A4F7556}") = "MusicApp.Domain", "MusicApp.Domain\MusicApp.Domain.csproj", "{86762757-17DE-4F98-89AE-132874AE5D6A}"
EndProject
Project("{9A19103F-16F7-4668-BE54-9A1E7A4F7556}") = "MusicApp.Core", "MusicApp.Core\MusicApp.Core.csproj", "{A1B1237F-7769-40CD-B718-EF7EA0E2DE33}"
EndProject
Project("{9A19103F-16F7-4668-BE54-9A1E7A4F7556}") = "MusicApp.Test", "MusicApp.Test\MusicApp.Test.csproj", "{C81F3E89-3D6E-4CDD-9CA7-A9D906FD3978}"
EndProject
Project("{9A19103F-16F7-4668-BE54-9A1E7A4F7556}") = "MusicApp.Application", "MusicApp.Application\MusicApp.Application.csproj", "{398965BC-AB31-4B18-B56F-FFA951FB2D8F}"
EndProject
Project("{9A19103F-16F7-4668-BE54-9A1E7A4F7556}") = "MusicApp.Repository", "MusicApp.Repository\MusicApp.Repository.csproj", "{74743E1A-CF15-4BAD-B066-CCC39E2D3421}"
EndProject
Project("{FAE04EC0-301F-11D3-BF4B-00C04F79EFBC}") = "MusicApp.API", "MusicApp.API\MusicApp.API.csproj", "{2CBC1DDD-6FE3-4E90-AB6F-1B5CD77CAE9B}"
EndProject
Global
	GlobalSection(SolutionConfigurationPlatforms) = preSolution
		Debug|Any CPU = Debug|Any CPU
		Release|Any CPU = Release|Any CPU
	EndGlobalSection
	GlobalSection(ProjectConfigurationPlatforms) = postSolution
		{86762757-17DE-4F98-89AE-132874AE5D6A}.Debug|Any CPU.ActiveCfg = Debug|Any CPU
		{86762757-17DE-4F98-89AE-132874AE5D6A}.Debug|Any CPU.Build.0 = Debug|Any CPU
		{86762757-17DE-4F98-89AE-132874AE5D6A}.Release|Any CPU.ActiveCfg = Release|Any CPU
		{86762757-17DE-4F98-89AE-132874AE5D6A}.Release|Any CPU.Build.0 = Release|Any CPU
		{A1B1237F-7769-40CD-B718-EF7EA0E2DE33}.Debug|Any CPU.ActiveCfg = Debug|Any CPU
		{A1B1237F-7769-40CD-B718-EF7EA0E2DE33}.Debug|Any CPU.Build.0 = Debug|Any CPU
		{A1B1237F-7769-40CD-B718-EF7EA0E2DE33}.Release|Any CPU.ActiveCfg = Release|Any CPU
		{A1B1237F-7769-40CD-B718-EF7EA0E2DE33}.Release|Any CPU.Build.0 = Release|Any CPU
		{C81F3E89-3D6E-4CDD-9CA7-A9D906FD3978}.Debug|Any CPU.ActiveCfg = Debug|Any CPU
		{C81F3E89-3D6E-4CDD-9CA7-A9D906FD3978}.Debug|Any CPU.Build.0 = Debug|Any CPU
		{C81F3E89-3D6E-4CDD-9CA7-A9D906FD3978}.Release|Any CPU.ActiveCfg = Release|Any CPU
		{C81F3E89-3D6E-4CDD-9CA7-A9D906FD3978}.Release|Any CPU.Build.0 = Release|Any CPU
		{398965BC-AB31-4B18-B56F-FFA951FB2D8F}.Debug|Any CPU.ActiveCfg = Debug|Any CPU
		{398965BC-AB31-4B18-B56F-FFA951FB2D8F}.Debug|Any CPU.Build.0 = Debug|Any CPU
		{398965BC-AB31-4B18-B56F-FFA951FB2D8F}.Release|Any CPU.ActiveCfg = Release|Any CPU
		{398965BC-AB31-4B18-B56F-FFA951FB2D8F}.Release|Any CPU.Build.0 = Release|Any CPU
		{74743E1A-CF15-4BAD-B066-CCC39E2D3421}.Debug|Any CPU.ActiveCfg = Debug|Any CPU
		{74743E1A-CF15-4BAD-B066-CCC39E2D3421}.Debug|Any CPU.Build.0 = Debug|Any CPU
		{74743E1A-CF15-4BAD-B066-CCC39E2D3421}.Release|Any CPU.ActiveCfg = Release|Any CPU
		{74743E1A-CF15-4BAD-B066-CCC39E2D3421}.Release|Any CPU.Build.0 = Release|Any CPU
		{2CBC1DDD-6FE3-4E90-AB6F-1B5CD77CAE9B}.Debug|Any CPU.ActiveCfg = Debug|Any CPU
		{2CBC1DDD-6FE3-4E90-AB6F-1B5CD77CAE9B}.Debug|Any CPU.Build.0 = Debug|Any CPU
		{2CBC1DDD-6FE3-4E90-AB6F-1B5CD77CAE9B}.Release|Any CPU.ActiveCfg = Release|Any CPU
		{2CBC1DDD-6FE3-4E90-AB6F-1B5CD77CAE9B}.Release|Any CPU.Build.0 = Release|Any CPU
	EndGlobalSection
	GlobalSection(SolutionProperties) = preSolution
		HideSolutionNode = FALSE
	EndGlobalSection
	GlobalSection(ExtensibilityGlobals) = postSolution
		SolutionGuid = {1136AD72-1933-4DDD-9078-1DA3A50F4972}
	EndGlobalSection
EndGlobal
